
Microsoft Visual Studio Solution File, Format Version 12.00
# Visual Studio Version 17
VisualStudioVersion = 17.0.31903.59
MinimumVisualStudioVersion = 10.0.40219.1
Project("{9A19103F-16F7-4668-BE54-9A1E7A4F7556}") = "Kros.UnitTestsWorkshop", "src\Kros.UnitTestsWorkshop\Kros.UnitTestsWorkshop.csproj", "{F28564DA-B596-46C5-85AC-8AF57DAC6EB1}"
EndProject
Project("{9A19103F-16F7-4668-BE54-9A1E7A4F7556}") = "Kros.UnitTestsWorkshop.Tests", "tests\Kros.UnitTestsWorkshop.Tests\Kros.UnitTestsWorkshop.Tests.csproj", "{C2920BBE-7CE7-425F-AB18-AE79283666F5}"
EndProject
Global
	GlobalSection(SolutionConfigurationPlatforms) = preSolution
		Debug|Any CPU = Debug|Any CPU
		Release|Any CPU = Release|Any CPU
	EndGlobalSection
	GlobalSection(ProjectConfigurationPlatforms) = postSolution
		{F28564DA-B596-46C5-85AC-8AF57DAC6EB1}.Debug|Any CPU.ActiveCfg = Debug|Any CPU
		{F28564DA-B596-46C5-85AC-8AF57DAC6EB1}.Debug|Any CPU.Build.0 = Debug|Any CPU
		{F28564DA-B596-46C5-85AC-8AF57DAC6EB1}.Release|Any CPU.ActiveCfg = Release|Any CPU
		{F28564DA-B596-46C5-85AC-8AF57DAC6EB1}.Release|Any CPU.Build.0 = Release|Any CPU
		{C2920BBE-7CE7-425F-AB18-AE79283666F5}.Debug|Any CPU.ActiveCfg = Debug|Any CPU
		{C2920BBE-7CE7-425F-AB18-AE79283666F5}.Debug|Any CPU.Build.0 = Debug|Any CPU
		{C2920BBE-7CE7-425F-AB18-AE79283666F5}.Release|Any CPU.ActiveCfg = Release|Any CPU
		{C2920BBE-7CE7-425F-AB18-AE79283666F5}.Release|Any CPU.Build.0 = Release|Any CPU
	EndGlobalSection
	GlobalSection(SolutionProperties) = preSolution
		HideSolutionNode = FALSE
	EndGlobalSection
EndGlobal
